
Microsoft Visual Studio Solution File, Format Version 12.00
# Visual Studio Version 17
VisualStudioVersion = 17.6.33829.357
MinimumVisualStudioVersion = 10.0.40219.1
Project("{FAE04EC0-301F-11D3-BF4B-00C04F79EFBC}") = "MinimalAPIs", "MinimalAPIs\MinimalAPIs.csproj", "{8586A0F2-6413-4E15-B8E5-0D1A10F7138A}"
EndProject
Global
	GlobalSection(SolutionConfigurationPlatforms) = preSolution
		Debug|Any CPU = Debug|Any CPU
		Release|Any CPU = Release|Any CPU
	EndGlobalSection
	GlobalSection(ProjectConfigurationPlatforms) = postSolution
		{8586A0F2-6413-4E15-B8E5-0D1A10F7138A}.Debug|Any CPU.ActiveCfg = Debug|Any CPU
		{8586A0F2-6413-4E15-B8E5-0D1A10F7138A}.Debug|Any CPU.Build.0 = Debug|Any CPU
		{8586A0F2-6413-4E15-B8E5-0D1A10F7138A}.Release|Any CPU.ActiveCfg = Release|Any CPU
		{8586A0F2-6413-4E15-B8E5-0D1A10F7138A}.Release|Any CPU.Build.0 = Release|Any CPU
	EndGlobalSection
	GlobalSection(SolutionProperties) = preSolution
		HideSolutionNode = FALSE
	EndGlobalSection
	GlobalSection(ExtensibilityGlobals) = postSolution
		SolutionGuid = {33A40F9D-178F-41DA-82F2-64A601C0AE9B}
	EndGlobalSection
EndGlobal
